github.com/EDDYCJY/fake-useragent v0.2.0 h1:Jcnkk2bgXmDpX0z+ELlUErTkoLb/mxFBNd2YdcpvJBs=
github.com/EDDYCJY/fake-useragent v0.2.0/go.mod h1:5wn3zzlDxhKW6NYknushqinPcAqZcAPHy8lLczCdJdc=
github.com/PuerkitoBio/goquery v1.8.0 h1:PJTF7AmFCFKk1N6V6jmKfrNH9tV5pNE6lZMkG0gta/U=
github.com/PuerkitoBio/goquery v1.8.0/go.mod h1:ypIiRMtY7COPGk+I/YbZLbxsxn9g5ejnI2HSMtkjZvI=
github.com/andybalholm/cascadia v1.3.1 h1:nhxRkql1kdYCc8Snf7D5/D3spOX+dBgjA6u8x004T2c=
github.com/andybalholm/cascadia v1.3.1/go.mod h1:R4bJ1UQfqADjvDa4P6HZHLh/3OxWWEqc0Sk8XGwHqvA=
github.com/eddycjy/fake-useragent v0.2.0 h1:vPjnlh+Hn11CHKim2MRN5p/EH8gopdILAkDanyNXQ28=
github.com/eddycjy/fake-useragent v0.2.0/go.mod h1:C7g8IUyxSRxnM8FdwCUHBCrcvSA2MQsdMpP652F8PW4=
github.com/ngdinhtoan/flagstruct v2.1.0+incompatible h1:f6j86ppWCKhu025uPYgGLu4D4Qf6CXKpAUHSkeFo9GI=
github.com/ngdinhtoan/flagstruct v2.1.0+incompatible/go.mod h1:giLz7YjwD3ujbrCbEcS2b506oE2ylIqJ1gfEVuLxxRE=
github.com/ngdinhtoan/hari v1.0.0 h1:j0UylST5D25/VyW/rKoNeRc5JR4/ovXOIyWFMPsgrY0=
github.com/ngdinhtoan/hari v1.0.0/go.mod h1:PTVzn0Z2nNqbjzQ/LM65gtfGnpeoQg3xswh1HQ6LMto=
golang.org/x/net v0.0.0-20210916014120-12bc252f5db8 h1:/6y1LfuqNuQdHAm0jjtPtgRcxIxjVZgm5OTu8/QhZvk=
golang.org/x/net v0.0.0-20210916014120-12bc252f5db8/go.mod h1:9nx3DQGgdP8bBQD5qxJ1jj9UTztislL4KSBs9R2vV5Y=
golang.org/x/sys v0.0.0-20201119102817-f84b799fce68/go.mod h1:h1NjWce9XRLGQEsW7wpKNCjG9DtNlClVuFLEZdDNbEs=
golang.org/x/sys v0.0.0-20210423082822-04245dca01da/go.mod h1:h1NjWce9XRLGQEsW7wpKNCjG9DtNlClVuFLEZdDNbEs=
golang.org/x/sys v0.2.0 h1:ljd4t30dBnAvMZaQCevtY0xLLD0A+bRZXbgLMLU1F/A=
golang.org/x/sys v0.2.0/go.mod h1:oPkhp1MJrh7nUepCBck5+mAzfO9JrbApNNgaTdGDITg=
golang.org/x/term v0.0.0-20201126162022-7de9c90e9dd1/go.mod h1:bj7SfCRtBDWHUb9snDiAeCFNEtKQo2Wmx5Cou7ajbmo=
golang.org/x/text v0.3.6/go.mod h1:5Zoc/QRtKVWzQhOtBMvqHzDpF6irO9z98xDceosuGiQ=
golang.org/x/tools v0.0.0-20180917221912-90fa682c2a6e/go.mod h1:n7NCudcB/nEzxVGmLbDWY5pfWTLqBcC2KZ6jyYvM4mQ=
